
Microsoft Visual Studio Solution File, Format Version 12.00
Project("{FAE04EC0-301F-11D3-BF4B-00C04F79EFBC}") = "consoleApp01", "consoleApp01\consoleApp01.csproj", "{C02D8241-17B9-4389-8297-8DD05E828778}"
EndProject
Project("{FAE04EC0-301F-11D3-BF4B-00C04F79EFBC}") = "ConsoleAppCesarUtf", "ConsoleAppCesarUtf\ConsoleAppCesarUtf.csproj", "{9A398750-58F2-4B01-943C-EDA769C204EB}"
EndProject
Project("{FAE04EC0-301F-11D3-BF4B-00C04F79EFBC}") = "ConsoleAppDH", "ConsoleAppDH\ConsoleAppDH.csproj", "{D8F06FB9-7887-4AD4-9350-4EF18D697689}"
EndProject
Project("{FAE04EC0-301F-11D3-BF4B-00C04F79EFBC}") = "ConsoleAppRSA", "ConsoleAppRSA\ConsoleAppRSA.csproj", "{1E187E7E-2F0E-45C6-8FEE-D021C85F45DA}"
EndProject
Project("{FAE04EC0-301F-11D3-BF4B-00C04F79EFBC}") = "Crypto", "Crypto\Crypto.csproj", "{2FBA021D-1AF4-42C7-9073-9ED45E960778}"
EndProject
Global
	GlobalSection(SolutionConfigurationPlatforms) = preSolution
		Debug|Any CPU = Debug|Any CPU
		Release|Any CPU = Release|Any CPU
	EndGlobalSection
	GlobalSection(ProjectConfigurationPlatforms) = postSolution
		{C02D8241-17B9-4389-8297-8DD05E828778}.Debug|Any CPU.ActiveCfg = Debug|Any CPU
		{C02D8241-17B9-4389-8297-8DD05E828778}.Debug|Any CPU.Build.0 = Debug|Any CPU
		{C02D8241-17B9-4389-8297-8DD05E828778}.Release|Any CPU.ActiveCfg = Release|Any CPU
		{C02D8241-17B9-4389-8297-8DD05E828778}.Release|Any CPU.Build.0 = Release|Any CPU
		{9A398750-58F2-4B01-943C-EDA769C204EB}.Debug|Any CPU.ActiveCfg = Debug|Any CPU
		{9A398750-58F2-4B01-943C-EDA769C204EB}.Debug|Any CPU.Build.0 = Debug|Any CPU
		{9A398750-58F2-4B01-943C-EDA769C204EB}.Release|Any CPU.ActiveCfg = Release|Any CPU
		{9A398750-58F2-4B01-943C-EDA769C204EB}.Release|Any CPU.Build.0 = Release|Any CPU
		{D8F06FB9-7887-4AD4-9350-4EF18D697689}.Debug|Any CPU.ActiveCfg = Debug|Any CPU
		{D8F06FB9-7887-4AD4-9350-4EF18D697689}.Debug|Any CPU.Build.0 = Debug|Any CPU
		{D8F06FB9-7887-4AD4-9350-4EF18D697689}.Release|Any CPU.ActiveCfg = Release|Any CPU
		{D8F06FB9-7887-4AD4-9350-4EF18D697689}.Release|Any CPU.Build.0 = Release|Any CPU
		{1E187E7E-2F0E-45C6-8FEE-D021C85F45DA}.Debug|Any CPU.ActiveCfg = Debug|Any CPU
		{1E187E7E-2F0E-45C6-8FEE-D021C85F45DA}.Debug|Any CPU.Build.0 = Debug|Any CPU
		{1E187E7E-2F0E-45C6-8FEE-D021C85F45DA}.Release|Any CPU.ActiveCfg = Release|Any CPU
		{1E187E7E-2F0E-45C6-8FEE-D021C85F45DA}.Release|Any CPU.Build.0 = Release|Any CPU
		{2FBA021D-1AF4-42C7-9073-9ED45E960778}.Debug|Any CPU.ActiveCfg = Debug|Any CPU
		{2FBA021D-1AF4-42C7-9073-9ED45E960778}.Debug|Any CPU.Build.0 = Debug|Any CPU
		{2FBA021D-1AF4-42C7-9073-9ED45E960778}.Release|Any CPU.ActiveCfg = Release|Any CPU
		{2FBA021D-1AF4-42C7-9073-9ED45E960778}.Release|Any CPU.Build.0 = Release|Any CPU
	EndGlobalSection
EndGlobal
